{
  "name": "jm-patternlab",
  "version": "1.0.0",
  "lockfileVersion": 1,
  "dependencies": {
    "inuitcss": {
      "version": "6.0.0-beta.4",
      "resolved": "https://registry.npmjs.org/inuitcss/-/inuitcss-6.0.0-beta.4.tgz",
      "integrity": "sha1-NLjjsR4v0x3uXQxpWwUskHvdk0Y=",
      "dev": true
    },
    "sass-mq": {
      "version": "3.3.2",
      "resolved": "https://registry.npmjs.org/sass-mq/-/sass-mq-3.3.2.tgz",
      "integrity": "sha1-NHLgTDGkMrzVWztgTtxyrppN7xo=",
      "dev": true
    }
  }
}
